
Microsoft Visual Studio Solution File, Format Version 12.00
# Visual Studio Version 16
VisualStudioVersion = 16.0.29418.71
MinimumVisualStudioVersion = 10.0.40219.1
Project("{FAE04EC0-301F-11D3-BF4B-00C04F79EFBC}") = "Modeless Dialoges and Delegates", "Modeless Dialoges and Delegates\Modeless Dialoges and Delegates.csproj", "{58758DD6-697E-44DC-97B3-1617C5D298FB}"
EndProject
Global
	GlobalSection(SolutionConfigurationPlatforms) = preSolution
		Debug|Any CPU = Debug|Any CPU
		Release|Any CPU = Release|Any CPU
	EndGlobalSection
	GlobalSection(ProjectConfigurationPlatforms) = postSolution
		{58758DD6-697E-44DC-97B3-1617C5D298FB}.Debug|Any CPU.ActiveCfg = Debug|Any CPU
		{58758DD6-697E-44DC-97B3-1617C5D298FB}.Debug|Any CPU.Build.0 = Debug|Any CPU
		{58758DD6-697E-44DC-97B3-1617C5D298FB}.Release|Any CPU.ActiveCfg = Release|Any CPU
		{58758DD6-697E-44DC-97B3-1617C5D298FB}.Release|Any CPU.Build.0 = Release|Any CPU
	EndGlobalSection
	GlobalSection(SolutionProperties) = preSolution
		HideSolutionNode = FALSE
	EndGlobalSection
	GlobalSection(ExtensibilityGlobals) = postSolution
		SolutionGuid = {32FB8087-050E-4431-B147-70721BA4F7F6}
	EndGlobalSection
EndGlobal
